{
  "originHash" : "88d7673b251b3cbb9c40069df64b8e0aa1c4062dac38b066e5314b1847241136",
  "pins" : [
    {
      "identity" : "kmp-observableviewmodel",
      "kind" : "remoteSourceControl",
      "location" : "https://github.com/rickclephas/KMP-ObservableViewModel",
      "state" : {
        "revision" : "b88e4fa21276ea6974a0cb18b479c85743cd26fb",
        "version" : "1.0.2"
      }
    }
  ],
  "version" : 3
}
