{
  "originHash" : "ef9f2aa8b81e7575d01fcfbb0d46f7dad4849bdcdb557bd393cde5ef5098b54a",
  "pins" : [
    {
      "identity" : "kmp-nativecoroutines",
      "kind" : "remoteSourceControl",
      "location" : "https://github.com/rickclephas/KMP-NativeCoroutines.git",
      "state" : {
        "revision" : "b2a582b9cb160bc0ed9c53364229eee8973070a1",
        "version" : "1.0.4"
      }
    },
    {
      "identity" : "kmp-observableviewmodel",
      "kind" : "remoteSourceControl",
      "location" : "https://github.com/rickclephas/KMP-ObservableViewModel",
      "state" : {
        "revision" : "9c73fbf9c879131715fd71e9e243a4ba10fd53a3",
        "version" : "1.1.0"
      }
    },
    {
      "identity" : "rxswift",
      "kind" : "remoteSourceControl",
      "location" : "https://github.com/ReactiveX/RxSwift.git",
      "state" : {
        "revision" : "132aea4f236ccadc51590b38af0357a331d51fa2",
        "version" : "6.10.2"
      }
    }
  ],
  "version" : 3
}
